
Microsoft Visual Studio Solution File, Format Version 10.00
# Visual Studio 2008
Project("{FAE04EC0-301F-11D3-BF4B-00C04F79EFBC}") = "lxstation", "dataline\lxstation.csproj", "{376D6223-47F6-4EB9-BD34-6D5078B7B685}"
EndProject
Global
	GlobalSection(SolutionConfigurationPlatforms) = preSolution
		Debug|Any CPU = Debug|Any CPU
		Release|Any CPU = Release|Any CPU
	EndGlobalSection
	GlobalSection(ProjectConfigurationPlatforms) = postSolution
		{376D6223-47F6-4EB9-BD34-6D5078B7B685}.Debug|Any CPU.ActiveCfg = Debug|Any CPU
		{376D6223-47F6-4EB9-BD34-6D5078B7B685}.Debug|Any CPU.Build.0 = Debug|Any CPU
		{376D6223-47F6-4EB9-BD34-6D5078B7B685}.Release|Any CPU.ActiveCfg = Release|Any CPU
		{376D6223-47F6-4EB9-BD34-6D5078B7B685}.Release|Any CPU.Build.0 = Release|Any CPU
	EndGlobalSection
	GlobalSection(SolutionProperties) = preSolution
		HideSolutionNode = FALSE
	EndGlobalSection
EndGlobal
